// !$*UTF8*$!
{
	archiveVersion = 1;
	classes = {
	};
	objectVersion = 46;
	objects = {

/* Begin PBXBuildFile section */
		724F667A1B929F0A004A6805 /* AppDelegate.swift in Sources */ = {isa = PBXBuildFile; fileRef = 724F66791B929F0A004A6805 /* AppDelegate.swift */; };
		724F667F1B929F0A004A6805 /* Menu.storyboard in Resources */ = {isa = PBXBuildFile; fileRef = 724F667D1B929F0A004A6805 /* Menu.storyboard */; };
		724F66811B929F0A004A6805 /* Images.xcassets in Resources */ = {isa = PBXBuildFile; fileRef = 724F66801B929F0A004A6805 /* Images.xcassets */; };
		724F66841B929F0A004A6805 /* LaunchScreen.xib in Resources */ = {isa = PBXBuildFile; fileRef = 724F66821B929F0A004A6805 /* LaunchScreen.xib */; };
		724F66901B929F0A004A6805 /* KeepOnTests.swift in Sources */ = {isa = PBXBuildFile; fileRef = 724F668F1B929F0A004A6805 /* KeepOnTests.swift */; };
		724F669E1B92C856004A6805 /* SlideMenuViewController.swift in Sources */ = {isa = PBXBuildFile; fileRef = 724F66991B92C856004A6805 /* SlideMenuViewController.swift */; };
		724F66A11B92C856004A6805 /* MenuViewController.swift in Sources */ = {isa = PBXBuildFile; fileRef = 724F669C1B92C856004A6805 /* MenuViewController.swift */; };
		724F66A21B92C856004A6805 /* MenuTableViewController.swift in Sources */ = {isa = PBXBuildFile; fileRef = 724F669D1B92C856004A6805 /* MenuTableViewController.swift */; };
		724F66B61B955EF9004A6805 /* AppIniAndConstants.swift in Sources */ = {isa = PBXBuildFile; fileRef = 724F66B51B955EF9004A6805 /* AppIniAndConstants.swift */; };
		724F66BD1B95A100004A6805 /* ImageLoader.swift in Sources */ = {isa = PBXBuildFile; fileRef = 724F66B71B95A100004A6805 /* ImageLoader.swift */; };
		724F66BE1B95A100004A6805 /* HttpRequest.swift in Sources */ = {isa = PBXBuildFile; fileRef = 724F66B81B95A100004A6805 /* HttpRequest.swift */; };
		724F66BF1B95A100004A6805 /* SwiftyJSON.swift in Sources */ = {isa = PBXBuildFile; fileRef = 724F66B91B95A100004A6805 /* SwiftyJSON.swift */; };
		724F66C01B95A100004A6805 /* UILabelExtentions.swift in Sources */ = {isa = PBXBuildFile; fileRef = 724F66BA1B95A100004A6805 /* UILabelExtentions.swift */; };
		724F66C11B95A100004A6805 /* StringExtentions.swift in Sources */ = {isa = PBXBuildFile; fileRef = 724F66BB1B95A100004A6805 /* StringExtentions.swift */; };
		724F66C21B95A100004A6805 /* UIColorExtentions.swift in Sources */ = {isa = PBXBuildFile; fileRef = 724F66BC1B95A100004A6805 /* UIColorExtentions.swift */; };
		724F66C61B95B784004A6805 /* Diary.storyboard in Resources */ = {isa = PBXBuildFile; fileRef = 724F66C51B95B784004A6805 /* Diary.storyboard */; };
		724F66C81B95B7B1004A6805 /* DiaryViewController.swift in Sources */ = {isa = PBXBuildFile; fileRef = 724F66C71B95B7B1004A6805 /* DiaryViewController.swift */; };
		724F66CA1B95B88C004A6805 /* Diary.swift in Sources */ = {isa = PBXBuildFile; fileRef = 724F66C91B95B88C004A6805 /* Diary.swift */; };
		724F67081B9BF70A004A6805 /* NSDateExtention.swift in Sources */ = {isa = PBXBuildFile; fileRef = 724F67071B9BF70A004A6805 /* NSDateExtention.swift */; };
		724F670A1B9C36E6004A6805 /* EmptyCircleView.swift in Sources */ = {isa = PBXBuildFile; fileRef = 724F67091B9C36E6004A6805 /* EmptyCircleView.swift */; };
		724F670C1B9C4441004A6805 /* DiaryDayView.swift in Sources */ = {isa = PBXBuildFile; fileRef = 724F670B1B9C4441004A6805 /* DiaryDayView.swift */; };
		72A6C2941B9D86DE00BEE2B5 /* DiaryDAO.swift in Sources */ = {isa = PBXBuildFile; fileRef = 72A6C2921B9D86DE00BEE2B5 /* DiaryDAO.swift */; };
		72A6C2981B9D86FA00BEE2B5 /* CoreDataDAO.swift in Sources */ = {isa = PBXBuildFile; fileRef = 72A6C2971B9D86FA00BEE2B5 /* CoreDataDAO.swift */; };
		72A6C29A1B9D8DB800BEE2B5 /* CoreData.framework in Frameworks */ = {isa = PBXBuildFile; fileRef = 72A6C2991B9D8DB800BEE2B5 /* CoreData.framework */; };
		72A6C3021B9DA59100BEE2B5 /* AddDiaryViewController.swift in Sources */ = {isa = PBXBuildFile; fileRef = 72A6C3011B9DA59100BEE2B5 /* AddDiaryViewController.swift */; };
		72A6C3041B9EA99200BEE2B5 /* DiaryPlistDAO.swift in Sources */ = {isa = PBXBuildFile; fileRef = 72A6C3031B9EA99200BEE2B5 /* DiaryPlistDAO.swift */; };
		72A6C3061B9EBE9C00BEE2B5 /* Diary.plist in Resources */ = {isa = PBXBuildFile; fileRef = 72A6C3051B9EBE9C00BEE2B5 /* Diary.plist */; };
		72A6C3091B9EFCD500BEE2B5 /* KeepOn.xcdatamodeld in Sources */ = {isa = PBXBuildFile; fileRef = 72A6C3071B9EFCD500BEE2B5 /* KeepOn.xcdatamodeld */; };
		72A6C30D1B9EFFFB00BEE2B5 /* DiaryMapManagedObject.swift in Sources */ = {isa = PBXBuildFile; fileRef = 72A6C30C1B9EFFFB00BEE2B5 /* DiaryMapManagedObject.swift */; };
		72A6C30F1B9F004D00BEE2B5 /* DiaryMapDAO.swift in Sources */ = {isa = PBXBuildFile; fileRef = 72A6C30E1B9F004D00BEE2B5 /* DiaryMapDAO.swift */; };
		72A6C3171B9F07E300BEE2B5 /* DiaryManagedObject.swift in Sources */ = {isa = PBXBuildFile; fileRef = 72A6C3161B9F07E300BEE2B5 /* DiaryManagedObject.swift */; };
		72A6C31C1B9FE24A00BEE2B5 /* DiaryMap.swift in Sources */ = {isa = PBXBuildFile; fileRef = 72A6C31B1B9FE24A00BEE2B5 /* DiaryMap.swift */; };
		72A6C31F1BA0316F00BEE2B5 /* Variable.storyboard in Resources */ = {isa = PBXBuildFile; fileRef = 72A6C31E1BA0316F00BEE2B5 /* Variable.storyboard */; };
		72A6C3211BA0319500BEE2B5 /* VariableViewController.swift in Sources */ = {isa = PBXBuildFile; fileRef = 72A6C3201BA0319500BEE2B5 /* VariableViewController.swift */; };
		72A6C3231BA031AF00BEE2B5 /* AddVarViewController.swift in Sources */ = {isa = PBXBuildFile; fileRef = 72A6C3221BA031AF00BEE2B5 /* AddVarViewController.swift */; };
		72A6C3251BA031DF00BEE2B5 /* AddVarItemViewController.swift in Sources */ = {isa = PBXBuildFile; fileRef = 72A6C3241BA031DF00BEE2B5 /* AddVarItemViewController.swift */; };
		72A6C3281BA0322500BEE2B5 /* Variable.swift in Sources */ = {isa = PBXBuildFile; fileRef = 72A6C3271BA0322500BEE2B5 /* Variable.swift */; };
		72A6C32A1BA03ABF00BEE2B5 /* VariableManagedObject.swift in Sources */ = {isa = PBXBuildFile; fileRef = 72A6C3291BA03ABF00BEE2B5 /* VariableManagedObject.swift */; };
		72A6C32C1BA03AC000BEE2B5 /* VariableValuesManagedObject.swift in Sources */ = {isa = PBXBuildFile; fileRef = 72A6C32B1BA03AC000BEE2B5 /* VariableValuesManagedObject.swift */; };
		72A6C32E1BA03AE000BEE2B5 /* VariableDAO.swift in Sources */ = {isa = PBXBuildFile; fileRef = 72A6C32D1BA03AE000BEE2B5 /* VariableDAO.swift */; };
		72A6C3301BA03BE700BEE2B5 /* VariableValuesDAO.swift in Sources */ = {isa = PBXBuildFile; fileRef = 72A6C32F1BA03BE700BEE2B5 /* VariableValuesDAO.swift */; };
		72A6C3321BA045BC00BEE2B5 /* PlistDAO.swift in Sources */ = {isa = PBXBuildFile; fileRef = 72A6C3311BA045BC00BEE2B5 /* PlistDAO.swift */; };
		72A6C3341BA11C9B00BEE2B5 /* Main.storyboard in Resources */ = {isa = PBXBuildFile; fileRef = 72A6C3331BA11C9B00BEE2B5 /* Main.storyboard */; };
		72A6C3361BA11CC100BEE2B5 /* MainViewController.swift in Sources */ = {isa = PBXBuildFile; fileRef = 72A6C3351BA11CC100BEE2B5 /* MainViewController.swift */; };
		D13B3A1538038F8A7CEDB3A4 /* Pods.framework in Frameworks */ = {isa = PBXBuildFile; fileRef = AE0BB55791695E372B010AA4 /* Pods.framework */; settings = {ATTRIBUTES = (Weak, ); }; };
/* End PBXBuildFile section */

/* Begin PBXContainerItemProxy section */
		724F668A1B929F0A004A6805 /* PBXContainerItemProxy */ = {
			isa = PBXContainerItemProxy;
			containerPortal = 724F666C1B929F0A004A6805 /* Project object */;
			proxyType = 1;
			remoteGlobalIDString = 724F66731B929F0A004A6805;
			remoteInfo = KeepOn;
		};
/* End PBXContainerItemProxy section */

/* Begin PBXFileReference section */
		553A92E1315BE5902392BC6D /* Pods.release.xcconfig */ = {isa = PBXFileReference; includeInIndex = 1; lastKnownFileType = text.xcconfig; name = Pods.release.xcconfig; path = "Pods/Target Support Files/Pods/Pods.release.xcconfig"; sourceTree = "<group>"; };
		69B65A04680140D832ACA896 /* Pods.debug.xcconfig */ = {isa = PBXFileReference; includeInIndex = 1; lastKnownFileType = text.xcconfig; name = Pods.debug.xcconfig; path = "Pods/Target Support Files/Pods/Pods.debug.xcconfig"; sourceTree = "<group>"; };
		724F66741B929F0A004A6805 /* KeepOn.app */ = {isa = PBXFileReference; explicitFileType = wrapper.application; includeInIndex = 0; path = KeepOn.app; sourceTree = BUILT_PRODUCTS_DIR; };
		724F66781B929F0A004A6805 /* Info.plist */ = {isa = PBXFileReference; lastKnownFileType = text.plist.xml; path = Info.plist; sourceTree = "<group>"; };
		724F66791B929F0A004A6805 /* AppDelegate.swift */ = {isa = PBXFileReference; lastKnownFileType = sourcecode.swift; path = AppDelegate.swift; sourceTree = "<group>"; };
		724F667E1B929F0A004A6805 /* Base */ = {isa = PBXFileReference; lastKnownFileType = file.storyboard; name = Base; path = Base.lproj/Menu.storyboard; sourceTree = "<group>"; };
		724F66801B929F0A004A6805 /* Images.xcassets */ = {isa = PBXFileReference; lastKnownFileType = folder.assetcatalog; path = Images.xcassets; sourceTree = "<group>"; };
		724F66831B929F0A004A6805 /* Base */ = {isa = PBXFileReference; lastKnownFileType = file.xib; name = Base; path = Base.lproj/LaunchScreen.xib; sourceTree = "<group>"; };
		724F66891B929F0A004A6805 /* KeepOnTests.xctest */ = {isa = PBXFileReference; explicitFileType = wrapper.cfbundle; includeInIndex = 0; path = KeepOnTests.xctest; sourceTree = BUILT_PRODUCTS_DIR; };
		724F668E1B929F0A004A6805 /* Info.plist */ = {isa = PBXFileReference; lastKnownFileType = text.plist.xml; path = Info.plist; sourceTree = "<group>"; };
		724F668F1B929F0A004A6805 /* KeepOnTests.swift */ = {isa = PBXFileReference; lastKnownFileType = sourcecode.swift; path = KeepOnTests.swift; sourceTree = "<group>"; };
		724F66991B92C856004A6805 /* SlideMenuViewController.swift */ = {isa = PBXFileReference; fileEncoding = 4; lastKnownFileType = sourcecode.swift; path = SlideMenuViewController.swift; sourceTree = "<group>"; };
		724F669C1B92C856004A6805 /* MenuViewController.swift */ = {isa = PBXFileReference; fileEncoding = 4; lastKnownFileType = sourcecode.swift; path = MenuViewController.swift; sourceTree = "<group>"; };
		724F669D1B92C856004A6805 /* MenuTableViewController.swift */ = {isa = PBXFileReference; fileEncoding = 4; lastKnownFileType = sourcecode.swift; path = MenuTableViewController.swift; sourceTree = "<group>"; };
		724F66B51B955EF9004A6805 /* AppIniAndConstants.swift */ = {isa = PBXFileReference; fileEncoding = 4; lastKnownFileType = sourcecode.swift; path = AppIniAndConstants.swift; sourceTree = "<group>"; };
		724F66B71B95A100004A6805 /* ImageLoader.swift */ = {isa = PBXFileReference; fileEncoding = 4; lastKnownFileType = sourcecode.swift; path = ImageLoader.swift; sourceTree = "<group>"; };
		724F66B81B95A100004A6805 /* HttpRequest.swift */ = {isa = PBXFileReference; fileEncoding = 4; lastKnownFileType = sourcecode.swift; path = HttpRequest.swift; sourceTree = "<group>"; };
		724F66B91B95A100004A6805 /* SwiftyJSON.swift */ = {isa = PBXFileReference; fileEncoding = 4; lastKnownFileType = sourcecode.swift; path = SwiftyJSON.swift; sourceTree = "<group>"; };
		724F66BA1B95A100004A6805 /* UILabelExtentions.swift */ = {isa = PBXFileReference; fileEncoding = 4; lastKnownFileType = sourcecode.swift; path = UILabelExtentions.swift; sourceTree = "<group>"; };
		724F66BB1B95A100004A6805 /* StringExtentions.swift */ = {isa = PBXFileReference; fileEncoding = 4; lastKnownFileType = sourcecode.swift; path = StringExtentions.swift; sourceTree = "<group>"; };
		724F66BC1B95A100004A6805 /* UIColorExtentions.swift */ = {isa = PBXFileReference; fileEncoding = 4; lastKnownFileType = sourcecode.swift; path = UIColorExtentions.swift; sourceTree = "<group>"; };
		724F66C51B95B784004A6805 /* Diary.storyboard */ = {isa = PBXFileReference; fileEncoding = 4; lastKnownFileType = file.storyboard; path = Diary.storyboard; sourceTree = "<group>"; };
		724F66C71B95B7B1004A6805 /* DiaryViewController.swift */ = {isa = PBXFileReference; fileEncoding = 4; lastKnownFileType = sourcecode.swift; path = DiaryViewController.swift; sourceTree = "<group>"; };
		724F66C91B95B88C004A6805 /* Diary.swift */ = {isa = PBXFileReference; fileEncoding = 4; lastKnownFileType = sourcecode.swift; path = Diary.swift; sourceTree = "<group>"; };
		724F67071B9BF70A004A6805 /* NSDateExtention.swift */ = {isa = PBXFileReference; fileEncoding = 4; lastKnownFileType = sourcecode.swift; path = NSDateExtention.swift; sourceTree = "<group>"; };
		724F67091B9C36E6004A6805 /* EmptyCircleView.swift */ = {isa = PBXFileReference; fileEncoding = 4; lastKnownFileType = sourcecode.swift; path = EmptyCircleView.swift; sourceTree = "<group>"; };
		724F670B1B9C4441004A6805 /* DiaryDayView.swift */ = {isa = PBXFileReference; fileEncoding = 4; lastKnownFileType = sourcecode.swift; path = DiaryDayView.swift; sourceTree = "<group>"; };
		72A6C28F1B9D851100BEE2B5 /* KeepOn-Bridging-Header.h */ = {isa = PBXFileReference; lastKnownFileType = sourcecode.c.h; path = "KeepOn-Bridging-Header.h"; sourceTree = "<group>"; };
		72A6C2921B9D86DE00BEE2B5 /* DiaryDAO.swift */ = {isa = PBXFileReference; fileEncoding = 4; lastKnownFileType = sourcecode.swift; path = DiaryDAO.swift; sourceTree = "<group>"; };
		72A6C2971B9D86FA00BEE2B5 /* CoreDataDAO.swift */ = {isa = PBXFileReference; fileEncoding = 4; lastKnownFileType = sourcecode.swift; path = CoreDataDAO.swift; sourceTree = "<group>"; };
		72A6C2991B9D8DB800BEE2B5 /* CoreData.framework */ = {isa = PBXFileReference; lastKnownFileType = wrapper.framework; name = CoreData.framework; path = System/Library/Frameworks/CoreData.framework; sourceTree = SDKROOT; };
		72A6C3011B9DA59100BEE2B5 /* AddDiaryViewController.swift */ = {isa = PBXFileReference; fileEncoding = 4; lastKnownFileType = sourcecode.swift; path = AddDiaryViewController.swift; sourceTree = "<group>"; };
		72A6C3031B9EA99200BEE2B5 /* DiaryPlistDAO.swift */ = {isa = PBXFileReference; fileEncoding = 4; lastKnownFileType = sourcecode.swift; path = DiaryPlistDAO.swift; sourceTree = "<group>"; };
		72A6C3051B9EBE9C00BEE2B5 /* Diary.plist */ = {isa = PBXFileReference; fileEncoding = 4; lastKnownFileType = text.plist.xml; path = Diary.plist; sourceTree = "<group>"; };
		72A6C3081B9EFCD500BEE2B5 /* KeepOn.xcdatamodel */ = {isa = PBXFileReference; lastKnownFileType = wrapper.xcdatamodel; path = KeepOn.xcdatamodel; sourceTree = "<group>"; };
		72A6C30C1B9EFFFB00BEE2B5 /* DiaryMapManagedObject.swift */ = {isa = PBXFileReference; fileEncoding = 4; lastKnownFileType = sourcecode.swift; path = DiaryMapManagedObject.swift; sourceTree = "<group>"; };
		72A6C30E1B9F004D00BEE2B5 /* DiaryMapDAO.swift */ = {isa = PBXFileReference; fileEncoding = 4; lastKnownFileType = sourcecode.swift; path = DiaryMapDAO.swift; sourceTree = "<group>"; };
		72A6C3161B9F07E300BEE2B5 /* DiaryManagedObject.swift */ = {isa = PBXFileReference; fileEncoding = 4; lastKnownFileType = sourcecode.swift; path = DiaryManagedObject.swift; sourceTree = "<group>"; };
		72A6C31B1B9FE24A00BEE2B5 /* DiaryMap.swift */ = {isa = PBXFileReference; fileEncoding = 4; lastKnownFileType = sourcecode.swift; path = DiaryMap.swift; sourceTree = "<group>"; };
		72A6C31E1BA0316F00BEE2B5 /* Variable.storyboard */ = {isa = PBXFileReference; fileEncoding = 4; lastKnownFileType = file.storyboard; path = Variable.storyboard; sourceTree = "<group>"; };
		72A6C3201BA0319500BEE2B5 /* VariableViewController.swift */ = {isa = PBXFileReference; fileEncoding = 4; lastKnownFileType = sourcecode.swift; path = VariableViewController.swift; sourceTree = "<group>"; };
		72A6C3221BA031AF00BEE2B5 /* AddVarViewController.swift */ = {isa = PBXFileReference; fileEncoding = 4; lastKnownFileType = sourcecode.swift; path = AddVarViewController.swift; sourceTree = "<group>"; };
		72A6C3241BA031DF00BEE2B5 /* AddVarItemViewController.swift */ = {isa = PBXFileReference; fileEncoding = 4; lastKnownFileType = sourcecode.swift; path = AddVarItemViewController.swift; sourceTree = "<group>"; };
		72A6C3271BA0322500BEE2B5 /* Variable.swift */ = {isa = PBXFileReference; fileEncoding = 4; lastKnownFileType = sourcecode.swift; path = Variable.swift; sourceTree = "<group>"; };
		72A6C3291BA03ABF00BEE2B5 /* VariableManagedObject.swift */ = {isa = PBXFileReference; fileEncoding = 4; lastKnownFileType = sourcecode.swift; path = VariableManagedObject.swift; sourceTree = "<group>"; };
		72A6C32B1BA03AC000BEE2B5 /* VariableValuesManagedObject.swift */ = {isa = PBXFileReference; fileEncoding = 4; lastKnownFileType = sourcecode.swift; path = VariableValuesManagedObject.swift; sourceTree = "<group>"; };
		72A6C32D1BA03AE000BEE2B5 /* VariableDAO.swift */ = {isa = PBXFileReference; fileEncoding = 4; lastKnownFileType = sourcecode.swift; path = VariableDAO.swift; sourceTree = "<group>"; };
		72A6C32F1BA03BE700BEE2B5 /* VariableValuesDAO.swift */ = {isa = PBXFileReference; fileEncoding = 4; lastKnownFileType = sourcecode.swift; path = VariableValuesDAO.swift; sourceTree = "<group>"; };
		72A6C3311BA045BC00BEE2B5 /* PlistDAO.swift */ = {isa = PBXFileReference; fileEncoding = 4; lastKnownFileType = sourcecode.swift; path = PlistDAO.swift; sourceTree = "<group>"; };
		72A6C3331BA11C9B00BEE2B5 /* Main.storyboard */ = {isa = PBXFileReference; fileEncoding = 4; lastKnownFileType = file.storyboard; path = Main.storyboard; sourceTree = "<group>"; };
		72A6C3351BA11CC100BEE2B5 /* MainViewController.swift */ = {isa = PBXFileReference; fileEncoding = 4; lastKnownFileType = sourcecode.swift; path = MainViewController.swift; sourceTree = "<group>"; };
		AE0BB55791695E372B010AA4 /* Pods.framework */ = {isa = PBXFileReference; explicitFileType = wrapper.framework; includeInIndex = 0; path = Pods.framework; sourceTree = BUILT_PRODUCTS_DIR; };
/* End PBXFileReference section */

/* Begin PBXFrameworksBuildPhase section */
		724F66711B929F0A004A6805 /* Frameworks */ = {
			isa = PBXFrameworksBuildPhase;
			buildActionMask = 2147483647;
			files = (
				72A6C29A1B9D8DB800BEE2B5 /* CoreData.framework in Frameworks */,
				D13B3A1538038F8A7CEDB3A4 /* Pods.framework in Frameworks */,
			);
			runOnlyForDeploymentPostprocessing = 0;
		};
		724F66861B929F0A004A6805 /* Frameworks */ = {
			isa = PBXFrameworksBuildPhase;
			buildActionMask = 2147483647;
			files = (
			);
			runOnlyForDeploymentPostprocessing = 0;
		};
/* End PBXFrameworksBuildPhase section */

/* Begin PBXGroup section */
		724F666B1B929F0A004A6805 = {
			isa = PBXGroup;
			children = (
				724F66761B929F0A004A6805 /* KeepOn */,
				724F668C1B929F0A004A6805 /* KeepOnTests */,
				724F66751B929F0A004A6805 /* Products */,
				B05A3DE23CC9EB0BE12B4B4A /* Pods */,
				E8580250C89E8935AC36B7C0 /* Frameworks */,
			);
			sourceTree = "<group>";
		};
		724F66751B929F0A004A6805 /* Products */ = {
			isa = PBXGroup;
			children = (
				724F66741B929F0A004A6805 /* KeepOn.app */,
				724F66891B929F0A004A6805 /* KeepOnTests.xctest */,
			);
			name = Products;
			sourceTree = "<group>";
		};
		724F66761B929F0A004A6805 /* KeepOn */ = {
			isa = PBXGroup;
			children = (
				724F66B51B955EF9004A6805 /* AppIniAndConstants.swift */,
				72A6C3331BA11C9B00BEE2B5 /* Main.storyboard */,
				72A6C3351BA11CC100BEE2B5 /* MainViewController.swift */,
				724F66A31B92C85F004A6805 /* Menu */,
				724F66C41B95B6AB004A6805 /* Diary */,
				72A6C31D1BA0314A00BEE2B5 /* Variable */,
				724F66C31B95A103004A6805 /* Common */,
				724F66771B929F0A004A6805 /* Supporting Files */,
				72A6C28F1B9D851100BEE2B5 /* KeepOn-Bridging-Header.h */,
			);
			path = KeepOn;
			sourceTree = "<group>";
		};
		724F66771B929F0A004A6805 /* Supporting Files */ = {
			isa = PBXGroup;
			children = (
				724F66791B929F0A004A6805 /* AppDelegate.swift */,
				724F66801B929F0A004A6805 /* Images.xcassets */,
				724F66821B929F0A004A6805 /* LaunchScreen.xib */,
				724F66781B929F0A004A6805 /* Info.plist */,
				72A6C3051B9EBE9C00BEE2B5 /* Diary.plist */,
				72A6C3071B9EFCD500BEE2B5 /* KeepOn.xcdatamodeld */,
			);
			name = "Supporting Files";
			sourceTree = "<group>";
		};
		724F668C1B929F0A004A6805 /* KeepOnTests */ = {
			isa = PBXGroup;
			children = (
				724F668F1B929F0A004A6805 /* KeepOnTests.swift */,
				724F668D1B929F0A004A6805 /* Supporting Files */,
			);
			path = KeepOnTests;
			sourceTree = "<group>";
		};
		724F668D1B929F0A004A6805 /* Supporting Files */ = {
			isa = PBXGroup;
			children = (
				724F668E1B929F0A004A6805 /* Info.plist */,
			);
			name = "Supporting Files";
			sourceTree = "<group>";
		};
		724F66A31B92C85F004A6805 /* Menu */ = {
			isa = PBXGroup;
			children = (
				724F66991B92C856004A6805 /* SlideMenuViewController.swift */,
				724F667D1B929F0A004A6805 /* Menu.storyboard */,
				724F669C1B92C856004A6805 /* MenuViewController.swift */,
				724F669D1B92C856004A6805 /* MenuTableViewController.swift */,
			);
			name = Menu;
			sourceTree = "<group>";
		};
		724F66C31B95A103004A6805 /* Common */ = {
			isa = PBXGroup;
			children = (
				72A6C2971B9D86FA00BEE2B5 /* CoreDataDAO.swift */,
				724F67091B9C36E6004A6805 /* EmptyCircleView.swift */,
				724F66B71B95A100004A6805 /* ImageLoader.swift */,
				724F66B81B95A100004A6805 /* HttpRequest.swift */,
				724F66B91B95A100004A6805 /* SwiftyJSON.swift */,
				724F66BA1B95A100004A6805 /* UILabelExtentions.swift */,
				724F66BB1B95A100004A6805 /* StringExtentions.swift */,
				724F66BC1B95A100004A6805 /* UIColorExtentions.swift */,
				724F67071B9BF70A004A6805 /* NSDateExtention.swift */,
				72A6C3311BA045BC00BEE2B5 /* PlistDAO.swift */,
			);
			name = Common;
			sourceTree = "<group>";
		};
		724F66C41B95B6AB004A6805 /* Diary */ = {
			isa = PBXGroup;
			children = (
				72A6C2901B9D86C700BEE2B5 /* Model */,
				724F66C51B95B784004A6805 /* Diary.storyboard */,
				724F66C71B95B7B1004A6805 /* DiaryViewController.swift */,
				724F670B1B9C4441004A6805 /* DiaryDayView.swift */,
				72A6C3011B9DA59100BEE2B5 /* AddDiaryViewController.swift */,
			);
			name = Diary;
			sourceTree = "<group>";
		};
		72A6C2901B9D86C700BEE2B5 /* Model */ = {
			isa = PBXGroup;
			children = (
				724F66C91B95B88C004A6805 /* Diary.swift */,
				72A6C2921B9D86DE00BEE2B5 /* DiaryDAO.swift */,
				72A6C3161B9F07E300BEE2B5 /* DiaryManagedObject.swift */,
				72A6C3031B9EA99200BEE2B5 /* DiaryPlistDAO.swift */,
				72A6C31B1B9FE24A00BEE2B5 /* DiaryMap.swift */,
				72A6C30E1B9F004D00BEE2B5 /* DiaryMapDAO.swift */,
				72A6C30C1B9EFFFB00BEE2B5 /* DiaryMapManagedObject.swift */,
			);
			name = Model;
			sourceTree = "<group>";
		};
		72A6C31D1BA0314A00BEE2B5 /* Variable */ = {
			isa = PBXGroup;
			children = (
				72A6C3261BA0320300BEE2B5 /* Model */,
				72A6C31E1BA0316F00BEE2B5 /* Variable.storyboard */,
				72A6C3201BA0319500BEE2B5 /* VariableViewController.swift */,
				72A6C3241BA031DF00BEE2B5 /* AddVarItemViewController.swift */,
				72A6C3221BA031AF00BEE2B5 /* AddVarViewController.swift */,
			);
			name = Variable;
			sourceTree = "<group>";
		};
		72A6C3261BA0320300BEE2B5 /* Model */ = {
			isa = PBXGroup;
			children = (
				72A6C3271BA0322500BEE2B5 /* Variable.swift */,
				72A6C32B1BA03AC000BEE2B5 /* VariableValuesManagedObject.swift */,
				72A6C3291BA03ABF00BEE2B5 /* VariableManagedObject.swift */,
				72A6C32D1BA03AE000BEE2B5 /* VariableDAO.swift */,
				72A6C32F1BA03BE700BEE2B5 /* VariableValuesDAO.swift */,
			);
			name = Model;
			sourceTree = "<group>";
		};
		B05A3DE23CC9EB0BE12B4B4A /* Pods */ = {
			isa = PBXGroup;
			children = (
				69B65A04680140D832ACA896 /* Pods.debug.xcconfig */,
				553A92E1315BE5902392BC6D /* Pods.release.xcconfig */,
			);
			name = Pods;
			sourceTree = "<group>";
		};
		E8580250C89E8935AC36B7C0 /* Frameworks */ = {
			isa = PBXGroup;
			children = (
				72A6C2991B9D8DB800BEE2B5 /* CoreData.framework */,
				AE0BB55791695E372B010AA4 /* Pods.framework */,
			);
			name = Frameworks;
			sourceTree = "<group>";
		};
/* End PBXGroup section */

/* Begin PBXNativeTarget section */
		724F66731B929F0A004A6805 /* KeepOn */ = {
			isa = PBXNativeTarget;
			buildConfigurationList = 724F66931B929F0A004A6805 /* Build configuration list for PBXNativeTarget "KeepOn" */;
			buildPhases = (
				285792043E79EB12051FBF78 /* Check Pods Manifest.lock */,
				724F66701B929F0A004A6805 /* Sources */,
				724F66711B929F0A004A6805 /* Frameworks */,
				724F66721B929F0A004A6805 /* Resources */,
				D25DE955764D22D7BADD7BE7 /* Embed Pods Frameworks */,
				1EF7F679D5A1A7394788D598 /* Copy Pods Resources */,
			);
			buildRules = (
			);
			dependencies = (
			);
			name = KeepOn;
			productName = KeepOn;
			productReference = 724F66741B929F0A004A6805 /* KeepOn.app */;
			productType = "com.apple.product-type.application";
		};
		724F66881B929F0A004A6805 /* KeepOnTests */ = {
			isa = PBXNativeTarget;
			buildConfigurationList = 724F66961B929F0A004A6805 /* Build configuration list for PBXNativeTarget "KeepOnTests" */;
			buildPhases = (
				724F66851B929F0A004A6805 /* Sources */,
				724F66861B929F0A004A6805 /* Frameworks */,
				724F66871B929F0A004A6805 /* Resources */,
			);
			buildRules = (
			);
			dependencies = (
				724F668B1B929F0A004A6805 /* PBXTargetDependency */,
			);
			name = KeepOnTests;
			productName = KeepOnTests;
			productReference = 724F66891B929F0A004A6805 /* KeepOnTests.xctest */;
			productType = "com.apple.product-type.bundle.unit-test";
		};
/* End PBXNativeTarget section */

/* Begin PBXProject section */
		724F666C1B929F0A004A6805 /* Project object */ = {
			isa = PBXProject;
			attributes = {
				LastUpgradeCheck = 0640;
				ORGANIZATIONNAME = Joshua;
				TargetAttributes = {
					724F66731B929F0A004A6805 = {
						CreatedOnToolsVersion = 6.4;
					};
					724F66881B929F0A004A6805 = {
						CreatedOnToolsVersion = 6.4;
						TestTargetID = 724F66731B929F0A004A6805;
					};
				};
			};
			buildConfigurationList = 724F666F1B929F0A004A6805 /* Build configuration list for PBXProject "KeepOn" */;
			compatibilityVersion = "Xcode 3.2";
			developmentRegion = English;
			hasScannedForEncodings = 0;
			knownRegions = (
				en,
				Base,
			);
			mainGroup = 724F666B1B929F0A004A6805;
			productRefGroup = 724F66751B929F0A004A6805 /* Products */;
			projectDirPath = "";
			projectRoot = "";
			targets = (
				724F66731B929F0A004A6805 /* KeepOn */,
				724F66881B929F0A004A6805 /* KeepOnTests */,
			);
		};
/* End PBXProject section */

/* Begin PBXResourcesBuildPhase section */
		724F66721B929F0A004A6805 /* Resources */ = {
			isa = PBXResourcesBuildPhase;
			buildActionMask = 2147483647;
			files = (
				72A6C3341BA11C9B00BEE2B5 /* Main.storyboard in Resources */,
				724F66C61B95B784004A6805 /* Diary.storyboard in Resources */,
				72A6C3061B9EBE9C00BEE2B5 /* Diary.plist in Resources */,
				724F667F1B929F0A004A6805 /* Menu.storyboard in Resources */,
				724F66841B929F0A004A6805 /* LaunchScreen.xib in Resources */,
				72A6C31F1BA0316F00BEE2B5 /* Variable.storyboard in Resources */,
				724F66811B929F0A004A6805 /* Images.xcassets in Resources */,
			);
			runOnlyForDeploymentPostprocessing = 0;
		};
		724F66871B929F0A004A6805 /* Resources */ = {
			isa = PBXResourcesBuildPhase;
			buildActionMask = 2147483647;
			files = (
			);
			runOnlyForDeploymentPostprocessing = 0;
		};
/* End PBXResourcesBuildPhase section */

/* Begin PBXShellScriptBuildPhase section */
		1EF7F679D5A1A7394788D598 /* Copy Pods Resources */ = {
			isa = PBXShellScriptBuildPhase;
			buildActionMask = 2147483647;
			files = (
			);
			inputPaths = (
			);
			name = "Copy Pods Resources";
			outputPaths = (
			);
			runOnlyForDeploymentPostprocessing = 0;
			shellPath = /bin/sh;
			shellScript = "\"${SRCROOT}/Pods/Target Support Files/Pods/Pods-resources.sh\"\n";
			showEnvVarsInLog = 0;
		};
		285792043E79EB12051FBF78 /* Check Pods Manifest.lock */ = {
			isa = PBXShellScriptBuildPhase;
			buildActionMask = 2147483647;
			files = (
			);
			inputPaths = (
			);
			name = "Check Pods Manifest.lock";
			outputPaths = (
			);
			runOnlyForDeploymentPostprocessing = 0;
			shellPath = /bin/sh;
			shellScript = "diff \"${PODS_ROOT}/../Podfile.lock\" \"${PODS_ROOT}/Manifest.lock\" > /dev/null\nif [[ $? != 0 ]] ; then\n    cat << EOM\nerror: The sandbox is not in sync with the Podfile.lock. Run 'pod install' or update your CocoaPods installation.\nEOM\n    exit 1\nfi\n";
			showEnvVarsInLog = 0;
		};
		D25DE955764D22D7BADD7BE7 /* Embed Pods Frameworks */ = {
			isa = PBXShellScriptBuildPhase;
			buildActionMask = 2147483647;
			files = (
			);
			inputPaths = (
			);
			name = "Embed Pods Frameworks";
			outputPaths = (
			);
			runOnlyForDeploymentPostprocessing = 0;
			shellPath = /bin/sh;
			shellScript = "\"${SRCROOT}/Pods/Target Support Files/Pods/Pods-frameworks.sh\"\n";
			showEnvVarsInLog = 0;
		};
/* End PBXShellScriptBuildPhase section */

/* Begin PBXSourcesBuildPhase section */
		724F66701B929F0A004A6805 /* Sources */ = {
			isa = PBXSourcesBuildPhase;
			buildActionMask = 2147483647;
			files = (
				72A6C32C1BA03AC000BEE2B5 /* VariableValuesManagedObject.swift in Sources */,
				72A6C30F1B9F004D00BEE2B5 /* DiaryMapDAO.swift in Sources */,
				724F66C21B95A100004A6805 /* UIColorExtentions.swift in Sources */,
				72A6C3281BA0322500BEE2B5 /* Variable.swift in Sources */,
				724F670A1B9C36E6004A6805 /* EmptyCircleView.swift in Sources */,
				72A6C2981B9D86FA00BEE2B5 /* CoreDataDAO.swift in Sources */,
				72A6C32E1BA03AE000BEE2B5 /* VariableDAO.swift in Sources */,
				72A6C30D1B9EFFFB00BEE2B5 /* DiaryMapManagedObject.swift in Sources */,
				72A6C3021B9DA59100BEE2B5 /* AddDiaryViewController.swift in Sources */,
				72A6C3321BA045BC00BEE2B5 /* PlistDAO.swift in Sources */,
				724F66BD1B95A100004A6805 /* ImageLoader.swift in Sources */,
				724F66A21B92C856004A6805 /* MenuTableViewController.swift in Sources */,
				724F66A11B92C856004A6805 /* MenuViewController.swift in Sources */,
				724F66B61B955EF9004A6805 /* AppIniAndConstants.swift in Sources */,
				72A6C3361BA11CC100BEE2B5 /* MainViewController.swift in Sources */,
				72A6C3171B9F07E300BEE2B5 /* DiaryManagedObject.swift in Sources */,
				724F66BE1B95A100004A6805 /* HttpRequest.swift in Sources */,
				72A6C2941B9D86DE00BEE2B5 /* DiaryDAO.swift in Sources */,
				72A6C3041B9EA99200BEE2B5 /* DiaryPlistDAO.swift in Sources */,
				724F66CA1B95B88C004A6805 /* Diary.swift in Sources */,
				724F66C11B95A100004A6805 /* StringExtentions.swift in Sources */,
				724F66BF1B95A100004A6805 /* SwiftyJSON.swift in Sources */,
				72A6C3231BA031AF00BEE2B5 /* AddVarViewController.swift in Sources */,
				724F67081B9BF70A004A6805 /* NSDateExtention.swift in Sources */,
				72A6C3211BA0319500BEE2B5 /* VariableViewController.swift in Sources */,
				72A6C3301BA03BE700BEE2B5 /* VariableValuesDAO.swift in Sources */,
				724F66C81B95B7B1004A6805 /* DiaryViewController.swift in Sources */,
				724F66C01B95A100004A6805 /* UILabelExtentions.swift in Sources */,
				72A6C31C1B9FE24A00BEE2B5 /* DiaryMap.swift in Sources */,
				724F669E1B92C856004A6805 /* SlideMenuViewController.swift in Sources */,
				72A6C3091B9EFCD500BEE2B5 /* KeepOn.xcdatamodeld in Sources */,
				72A6C32A1BA03ABF00BEE2B5 /* VariableManagedObject.swift in Sources */,
				72A6C3251BA031DF00BEE2B5 /* AddVarItemViewController.swift in Sources */,
				724F667A1B929F0A004A6805 /* AppDelegate.swift in Sources */,
				724F670C1B9C4441004A6805 /* DiaryDayView.swift in Sources */,
			);
			runOnlyForDeploymentPostprocessing = 0;
		};
		724F66851B929F0A004A6805 /* Sources */ = {
			isa = PBXSourcesBuildPhase;
			buildActionMask = 2147483647;
			files = (
				724F66901B929F0A004A6805 /* KeepOnTests.swift in Sources */,
			);
			runOnlyForDeploymentPostprocessing = 0;
		};
/* End PBXSourcesBuildPhase section */

/* Begin PBXTargetDependency section */
		724F668B1B929F0A004A6805 /* PBXTargetDependency */ = {
			isa = PBXTargetDependency;
			target = 724F66731B929F0A004A6805 /* KeepOn */;
			targetProxy = 724F668A1B929F0A004A6805 /* PBXContainerItemProxy */;
		};
/* End PBXTargetDependency section */

/* Begin PBXVariantGroup section */
		724F667D1B929F0A004A6805 /* Menu.storyboard */ = {
			isa = PBXVariantGroup;
			children = (
				724F667E1B929F0A004A6805 /* Base */,
			);
			name = Menu.storyboard;
			sourceTree = "<group>";
		};
		724F66821B929F0A004A6805 /* LaunchScreen.xib */ = {
			isa = PBXVariantGroup;
			children = (
				724F66831B929F0A004A6805 /* Base */,
			);
			name = LaunchScreen.xib;
			sourceTree = "<group>";
		};
/* End PBXVariantGroup section */

/* Begin XCBuildConfiguration section */
		724F66911B929F0A004A6805 /* Debug */ = {
			isa = XCBuildConfiguration;
			buildSettings = {
				ALWAYS_SEARCH_USER_PATHS = NO;
				CLANG_CXX_LANGUAGE_STANDARD = "gnu++0x";
				CLANG_CXX_LIBRARY = "libc++";
				CLANG_ENABLE_MODULES = YES;
				CLANG_ENABLE_OBJC_ARC = YES;
				CLANG_WARN_BOOL_CONVERSION = YES;
				CLANG_WARN_CONSTANT_CONVERSION = YES;
				CLANG_WARN_DIRECT_OBJC_ISA_USAGE = YES_ERROR;
				CLANG_WARN_EMPTY_BODY = YES;
				CLANG_WARN_ENUM_CONVERSION = YES;
				CLANG_WARN_INT_CONVERSION = YES;
				CLANG_WARN_OBJC_ROOT_CLASS = YES_ERROR;
				CLANG_WARN_UNREACHABLE_CODE = YES;
				CLANG_WARN__DUPLICATE_METHOD_MATCH = YES;
				"CODE_SIGN_IDENTITY[sdk=iphoneos*]" = "iPhone Developer";
				COPY_PHASE_STRIP = NO;
				DEBUG_INFORMATION_FORMAT = "dwarf-with-dsym";
				ENABLE_STRICT_OBJC_MSGSEND = YES;
				GCC_C_LANGUAGE_STANDARD = gnu99;
				GCC_DYNAMIC_NO_PIC = NO;
				GCC_NO_COMMON_BLOCKS = YES;
				GCC_OPTIMIZATION_LEVEL = 0;
				GCC_PREPROCESSOR_DEFINITIONS = (
					"DEBUG=1",
					"$(inherited)",
				);
				GCC_SYMBOLS_PRIVATE_EXTERN = NO;
				GCC_WARN_64_TO_32_BIT_CONVERSION = YES;
				GCC_WARN_ABOUT_RETURN_TYPE = YES_ERROR;
				GCC_WARN_UNDECLARED_SELECTOR = YES;
				GCC_WARN_UNINITIALIZED_AUTOS = YES_AGGRESSIVE;
				GCC_WARN_UNUSED_FUNCTION = YES;
				GCC_WARN_UNUSED_VARIABLE = YES;
				IPHONEOS_DEPLOYMENT_TARGET = 8.4;
				MTL_ENABLE_DEBUG_INFO = YES;
				ONLY_ACTIVE_ARCH = YES;
				SDKROOT = iphoneos;
				SWIFT_OPTIMIZATION_LEVEL = "-Onone";
				TARGETED_DEVICE_FAMILY = "1,2";
			};
			name = Debug;
		};
		724F66921B929F0A004A6805 /* Release */ = {
			isa = XCBuildConfiguration;
			buildSettings = {
				ALWAYS_SEARCH_USER_PATHS = NO;
				CLANG_CXX_LANGUAGE_STANDARD = "gnu++0x";
				CLANG_CXX_LIBRARY = "libc++";
				CLANG_ENABLE_MODULES = YES;
				CLANG_ENABLE_OBJC_ARC = YES;
				CLANG_WARN_BOOL_CONVERSION = YES;
				CLANG_WARN_CONSTANT_CONVERSION = YES;
				CLANG_WARN_DIRECT_OBJC_ISA_USAGE = YES_ERROR;
				CLANG_WARN_EMPTY_BODY = YES;
				CLANG_WARN_ENUM_CONVERSION = YES;
				CLANG_WARN_INT_CONVERSION = YES;
				CLANG_WARN_OBJC_ROOT_CLASS = YES_ERROR;
				CLANG_WARN_UNREACHABLE_CODE = YES;
				CLANG_WARN__DUPLICATE_METHOD_MATCH = YES;
				"CODE_SIGN_IDENTITY[sdk=iphoneos*]" = "iPhone Developer";
				COPY_PHASE_STRIP = NO;
				DEBUG_INFORMATION_FORMAT = "dwarf-with-dsym";
				ENABLE_NS_ASSERTIONS = NO;
				ENABLE_STRICT_OBJC_MSGSEND = YES;
				GCC_C_LANGUAGE_STANDARD = gnu99;
				GCC_NO_COMMON_BLOCKS = YES;
				GCC_WARN_64_TO_32_BIT_CONVERSION = YES;
				GCC_WARN_ABOUT_RETURN_TYPE = YES_ERROR;
				GCC_WARN_UNDECLARED_SELECTOR = YES;
				GCC_WARN_UNINITIALIZED_AUTOS = YES_AGGRESSIVE;
				GCC_WARN_UNUSED_FUNCTION = YES;
				GCC_WARN_UNUSED_VARIABLE = YES;
				IPHONEOS_DEPLOYMENT_TARGET = 8.4;
				MTL_ENABLE_DEBUG_INFO = NO;
				SDKROOT = iphoneos;
				TARGETED_DEVICE_FAMILY = "1,2";
				VALIDATE_PRODUCT = YES;
			};
			name = Release;
		};
		724F66941B929F0A004A6805 /* Debug */ = {
			isa = XCBuildConfiguration;
			baseConfigurationReference = 69B65A04680140D832ACA896 /* Pods.debug.xcconfig */;
			buildSettings = {
				ASSETCATALOG_COMPILER_APPICON_NAME = AppIcon;
				CLANG_ENABLE_MODULES = YES;
				INFOPLIST_FILE = KeepOn/Info.plist;
				IPHONEOS_DEPLOYMENT_TARGET = 8.2;
				LD_RUNPATH_SEARCH_PATHS = "$(inherited) @executable_path/Frameworks";
				PRODUCT_NAME = "$(TARGET_NAME)";
				SWIFT_OBJC_BRIDGING_HEADER = "KeepOn/KeepOn-Bridging-Header.h";
				SWIFT_OPTIMIZATION_LEVEL = "-Onone";
			};
			name = Debug;
		};
		724F66951B929F0A004A6805 /* Release */ = {
			isa = XCBuildConfiguration;
			baseConfigurationReference = 553A92E1315BE5902392BC6D /* Pods.release.xcconfig */;
			buildSettings = {
				ASSETCATALOG_COMPILER_APPICON_NAME = AppIcon;
				CLANG_ENABLE_MODULES = YES;
				INFOPLIST_FILE = KeepOn/Info.plist;
				IPHONEOS_DEPLOYMENT_TARGET = 8.2;
				LD_RUNPATH_SEARCH_PATHS = "$(inherited) @executable_path/Frameworks";
				PRODUCT_NAME = "$(TARGET_NAME)";
				SWIFT_OBJC_BRIDGING_HEADER = "KeepOn/KeepOn-Bridging-Header.h";
			};
			name = Release;
		};
		724F66971B929F0A004A6805 /* Debug */ = {
			isa = XCBuildConfiguration;
			buildSettings = {
				BUNDLE_LOADER = "$(TEST_HOST)";
				FRAMEWORK_SEARCH_PATHS = (
					"$(SDKROOT)/Developer/Library/Frameworks",
					"$(inherited)",
				);
				GCC_PREPROCESSOR_DEFINITIONS = (
					"DEBUG=1",
					"$(inherited)",
				);
				INFOPLIST_FILE = KeepOnTests/Info.plist;
				LD_RUNPATH_SEARCH_PATHS = "$(inherited) @executable_path/Frameworks @loader_path/Frameworks";
				PRODUCT_NAME = "$(TARGET_NAME)";
				TEST_HOST = "$(BUILT_PRODUCTS_DIR)/KeepOn.app/KeepOn";
			};
			name = Debug;
		};
		724F66981B929F0A004A6805 /* Release */ = {
			isa = XCBuildConfiguration;
			buildSettings = {
				BUNDLE_LOADER = "$(TEST_HOST)";
				FRAMEWORK_SEARCH_PATHS = (
					"$(SDKROOT)/Developer/Library/Frameworks",
					"$(inherited)",
				);
				INFOPLIST_FILE = KeepOnTests/Info.plist;
				LD_RUNPATH_SEARCH_PATHS = "$(inherited) @executable_path/Frameworks @loader_path/Frameworks";
				PRODUCT_NAME = "$(TARGET_NAME)";
				TEST_HOST = "$(BUILT_PRODUCTS_DIR)/KeepOn.app/KeepOn";
			};
			name = Release;
		};
/* End XCBuildConfiguration section */

/* Begin XCConfigurationList section */
		724F666F1B929F0A004A6805 /* Build configuration list for PBXProject "KeepOn" */ = {
			isa = XCConfigurationList;
			buildConfigurations = (
				724F66911B929F0A004A6805 /* Debug */,
				724F66921B929F0A004A6805 /* Release */,
			);
			defaultConfigurationIsVisible = 0;
			defaultConfigurationName = Release;
		};
		724F66931B929F0A004A6805 /* Build configuration list for PBXNativeTarget "KeepOn" */ = {
			isa = XCConfigurationList;
			buildConfigurations = (
				724F66941B929F0A004A6805 /* Debug */,
				724F66951B929F0A004A6805 /* Release */,
			);
			defaultConfigurationIsVisible = 0;
			defaultConfigurationName = Release;
		};
		724F66961B929F0A004A6805 /* Build configuration list for PBXNativeTarget "KeepOnTests" */ = {
			isa = XCConfigurationList;
			buildConfigurations = (
				724F66971B929F0A004A6805 /* Debug */,
				724F66981B929F0A004A6805 /* Release */,
			);
			defaultConfigurationIsVisible = 0;
			defaultConfigurationName = Release;
		};
/* End XCConfigurationList section */

/* Begin XCVersionGroup section */
		72A6C3071B9EFCD500BEE2B5 /* KeepOn.xcdatamodeld */ = {
			isa = XCVersionGroup;
			children = (
				72A6C3081B9EFCD500BEE2B5 /* KeepOn.xcdatamodel */,
			);
			currentVersion = 72A6C3081B9EFCD500BEE2B5 /* KeepOn.xcdatamodel */;
			path = KeepOn.xcdatamodeld;
			sourceTree = "<group>";
			versionGroupType = wrapper.xcdatamodel;
		};
/* End XCVersionGroup section */
	};
	rootObject = 724F666C1B929F0A004A6805 /* Project object */;
}
